// !$*UTF8*$!
{
	archiveVersion = 1;
	classes = {
	};
	objectVersion = 48;
	objects = {

/* Begin PBXBuildFile section */
		A0D6504920D8BC9C004454A1 /* AppDelegate.m in Sources */ = {isa = PBXBuildFile; fileRef = A0D6504820D8BC9C004454A1 /* AppDelegate.m */; };
		A0D6504C20D8BC9C004454A1 /* ViewController.m in Sources */ = {isa = PBXBuildFile; fileRef = A0D6504B20D8BC9C004454A1 /* ViewController.m */; };
		A0D6504F20D8BC9C004454A1 /* Main.storyboard in Resources */ = {isa = PBXBuildFile; fileRef = A0D6504D20D8BC9C004454A1 /* Main.storyboard */; };
		A0D6505120D8BC9C004454A1 /* Assets.xcassets in Resources */ = {isa = PBXBuildFile; fileRef = A0D6505020D8BC9C004454A1 /* Assets.xcassets */; };
		A0D6505420D8BC9C004454A1 /* LaunchScreen.storyboard in Resources */ = {isa = PBXBuildFile; fileRef = A0D6505220D8BC9C004454A1 /* LaunchScreen.storyboard */; };
		A0D6505720D8BC9C004454A1 /* main.m in Sources */ = {isa = PBXBuildFile; fileRef = A0D6505620D8BC9C004454A1 /* main.m */; };
		A0D6506120D8BC9C004454A1 /* MyKVOImpTests.m in Sources */ = {isa = PBXBuildFile; fileRef = A0D6506020D8BC9C004454A1 /* MyKVOImpTests.m */; };
		A0D6506C20D8BC9C004454A1 /* MyKVOImpUITests.m in Sources */ = {isa = PBXBuildFile; fileRef = A0D6506B20D8BC9C004454A1 /* MyKVOImpUITests.m */; };
		A0D6507B20D8BEE2004454A1 /* Person.m in Sources */ = {isa = PBXBuildFile; fileRef = A0D6507A20D8BEE2004454A1 /* Person.m */; };
/* End PBXBuildFile section */

/* Begin PBXContainerItemProxy section */
		A0D6505D20D8BC9C004454A1 /* PBXContainerItemProxy */ = {
			isa = PBXContainerItemProxy;
			containerPortal = A0D6503C20D8BC9B004454A1 /* Project object */;
			proxyType = 1;
			remoteGlobalIDString = A0D6504320D8BC9B004454A1;
			remoteInfo = MyKVOImp;
		};
		A0D6506820D8BC9C004454A1 /* PBXContainerItemProxy */ = {
			isa = PBXContainerItemProxy;
			containerPortal = A0D6503C20D8BC9B004454A1 /* Project object */;
			proxyType = 1;
			remoteGlobalIDString = A0D6504320D8BC9B004454A1;
			remoteInfo = MyKVOImp;
		};
/* End PBXContainerItemProxy section */

/* Begin PBXFileReference section */
		A0D6504420D8BC9C004454A1 /* MyKVOImp.app */ = {isa = PBXFileReference; explicitFileType = wrapper.application; includeInIndex = 0; path = MyKVOImp.app; sourceTree = BUILT_PRODUCTS_DIR; };
		A0D6504720D8BC9C004454A1 /* AppDelegate.h */ = {isa = PBXFileReference; lastKnownFileType = sourcecode.c.h; path = AppDelegate.h; sourceTree = "<group>"; };
		A0D6504820D8BC9C004454A1 /* AppDelegate.m */ = {isa = PBXFileReference; lastKnownFileType = sourcecode.c.objc; path = AppDelegate.m; sourceTree = "<group>"; };
		A0D6504A20D8BC9C004454A1 /* ViewController.h */ = {isa = PBXFileReference; lastKnownFileType = sourcecode.c.h; path = ViewController.h; sourceTree = "<group>"; };
		A0D6504B20D8BC9C004454A1 /* ViewController.m */ = {isa = PBXFileReference; lastKnownFileType = sourcecode.c.objc; path = ViewController.m; sourceTree = "<group>"; };
		A0D6504E20D8BC9C004454A1 /* Base */ = {isa = PBXFileReference; lastKnownFileType = file.storyboard; name = Base; path = Base.lproj/Main.storyboard; sourceTree = "<group>"; };
		A0D6505020D8BC9C004454A1 /* Assets.xcassets */ = {isa = PBXFileReference; lastKnownFileType = folder.assetcatalog; path = Assets.xcassets; sourceTree = "<group>"; };
		A0D6505320D8BC9C004454A1 /* Base */ = {isa = PBXFileReference; lastKnownFileType = file.storyboard; name = Base; path = Base.lproj/LaunchScreen.storyboard; sourceTree = "<group>"; };
		A0D6505520D8BC9C004454A1 /* Info.plist */ = {isa = PBXFileReference; lastKnownFileType = text.plist.xml; path = Info.plist; sourceTree = "<group>"; };
		A0D6505620D8BC9C004454A1 /* main.m */ = {isa = PBXFileReference; lastKnownFileType = sourcecode.c.objc; path = main.m; sourceTree = "<group>"; };
		A0D6505C20D8BC9C004454A1 /* MyKVOImpTests.xctest */ = {isa = PBXFileReference; explicitFileType = wrapper.cfbundle; includeInIndex = 0; path = MyKVOImpTests.xctest; sourceTree = BUILT_PRODUCTS_DIR; };
		A0D6506020D8BC9C004454A1 /* MyKVOImpTests.m */ = {isa = PBXFileReference; lastKnownFileType = sourcecode.c.objc; path = MyKVOImpTests.m; sourceTree = "<group>"; };
		A0D6506220D8BC9C004454A1 /* Info.plist */ = {isa = PBXFileReference; lastKnownFileType = text.plist.xml; path = Info.plist; sourceTree = "<group>"; };
		A0D6506720D8BC9C004454A1 /* MyKVOImpUITests.xctest */ = {isa = PBXFileReference; explicitFileType = wrapper.cfbundle; includeInIndex = 0; path = MyKVOImpUITests.xctest; sourceTree = BUILT_PRODUCTS_DIR; };
		A0D6506B20D8BC9C004454A1 /* MyKVOImpUITests.m */ = {isa = PBXFileReference; lastKnownFileType = sourcecode.c.objc; path = MyKVOImpUITests.m; sourceTree = "<group>"; };
		A0D6506D20D8BC9C004454A1 /* Info.plist */ = {isa = PBXFileReference; lastKnownFileType = text.plist.xml; path = Info.plist; sourceTree = "<group>"; };
		A0D6507920D8BEE2004454A1 /* Person.h */ = {isa = PBXFileReference; lastKnownFileType = sourcecode.c.h; path = Person.h; sourceTree = "<group>"; };
		A0D6507A20D8BEE2004454A1 /* Person.m */ = {isa = PBXFileReference; lastKnownFileType = sourcecode.c.objc; path = Person.m; sourceTree = "<group>"; };
/* End PBXFileReference section */

/* Begin PBXFrameworksBuildPhase section */
		A0D6504120D8BC9B004454A1 /* Frameworks */ = {
			isa = PBXFrameworksBuildPhase;
			buildActionMask = 2147483647;
			files = (
			);
			runOnlyForDeploymentPostprocessing = 0;
		};
		A0D6505920D8BC9C004454A1 /* Frameworks */ = {
			isa = PBXFrameworksBuildPhase;
			buildActionMask = 2147483647;
			files = (
			);
			runOnlyForDeploymentPostprocessing = 0;
		};
		A0D6506420D8BC9C004454A1 /* Frameworks */ = {
			isa = PBXFrameworksBuildPhase;
			buildActionMask = 2147483647;
			files = (
			);
			runOnlyForDeploymentPostprocessing = 0;
		};
/* End PBXFrameworksBuildPhase section */

/* Begin PBXGroup section */
		A0D6503B20D8BC9B004454A1 = {
			isa = PBXGroup;
			children = (
				A0D6504620D8BC9C004454A1 /* MyKVOImp */,
				A0D6505F20D8BC9C004454A1 /* MyKVOImpTests */,
				A0D6506A20D8BC9C004454A1 /* MyKVOImpUITests */,
				A0D6504520D8BC9C004454A1 /* Products */,
			);
			sourceTree = "<group>";
		};
		A0D6504520D8BC9C004454A1 /* Products */ = {
			isa = PBXGroup;
			children = (
				A0D6504420D8BC9C004454A1 /* MyKVOImp.app */,
				A0D6505C20D8BC9C004454A1 /* MyKVOImpTests.xctest */,
				A0D6506720D8BC9C004454A1 /* MyKVOImpUITests.xctest */,
			);
			name = Products;
			sourceTree = "<group>";
		};
		A0D6504620D8BC9C004454A1 /* MyKVOImp */ = {
			isa = PBXGroup;
			children = (
				A0D6504720D8BC9C004454A1 /* AppDelegate.h */,
				A0D6504820D8BC9C004454A1 /* AppDelegate.m */,
				A0D6504A20D8BC9C004454A1 /* ViewController.h */,
				A0D6504B20D8BC9C004454A1 /* ViewController.m */,
				A0D6507920D8BEE2004454A1 /* Person.h */,
				A0D6507A20D8BEE2004454A1 /* Person.m */,
				A0D6504D20D8BC9C004454A1 /* Main.storyboard */,
				A0D6505020D8BC9C004454A1 /* Assets.xcassets */,
				A0D6505220D8BC9C004454A1 /* LaunchScreen.storyboard */,
				A0D6505520D8BC9C004454A1 /* Info.plist */,
				A0D6505620D8BC9C004454A1 /* main.m */,
			);
			path = MyKVOImp;
			sourceTree = "<group>";
		};
		A0D6505F20D8BC9C004454A1 /* MyKVOImpTests */ = {
			isa = PBXGroup;
			children = (
				A0D6506020D8BC9C004454A1 /* MyKVOImpTests.m */,
				A0D6506220D8BC9C004454A1 /* Info.plist */,
			);
			path = MyKVOImpTests;
			sourceTree = "<group>";
		};
		A0D6506A20D8BC9C004454A1 /* MyKVOImpUITests */ = {
			isa = PBXGroup;
			children = (
				A0D6506B20D8BC9C004454A1 /* MyKVOImpUITests.m */,
				A0D6506D20D8BC9C004454A1 /* Info.plist */,
			);
			path = MyKVOImpUITests;
			sourceTree = "<group>";
		};
/* End PBXGroup section */

/* Begin PBXNativeTarget section */
		A0D6504320D8BC9B004454A1 /* MyKVOImp */ = {
			isa = PBXNativeTarget;
			buildConfigurationList = A0D6507020D8BC9C004454A1 /* Build configuration list for PBXNativeTarget "MyKVOImp" */;
			buildPhases = (
				A0D6504020D8BC9B004454A1 /* Sources */,
				A0D6504120D8BC9B004454A1 /* Frameworks */,
				A0D6504220D8BC9B004454A1 /* Resources */,
			);
			buildRules = (
			);
			dependencies = (
			);
			name = MyKVOImp;
			productName = MyKVOImp;
			productReference = A0D6504420D8BC9C004454A1 /* MyKVOImp.app */;
			productType = "com.apple.product-type.application";
		};
		A0D6505B20D8BC9C004454A1 /* MyKVOImpTests */ = {
			isa = PBXNativeTarget;
			buildConfigurationList = A0D6507320D8BC9C004454A1 /* Build configuration list for PBXNativeTarget "MyKVOImpTests" */;
			buildPhases = (
				A0D6505820D8BC9C004454A1 /* Sources */,
				A0D6505920D8BC9C004454A1 /* Frameworks */,
				A0D6505A20D8BC9C004454A1 /* Resources */,
			);
			buildRules = (
			);
			dependencies = (
				A0D6505E20D8BC9C004454A1 /* PBXTargetDependency */,
			);
			name = MyKVOImpTests;
			productName = MyKVOImpTests;
			productReference = A0D6505C20D8BC9C004454A1 /* MyKVOImpTests.xctest */;
			productType = "com.apple.product-type.bundle.unit-test";
		};
		A0D6506620D8BC9C004454A1 /* MyKVOImpUITests */ = {
			isa = PBXNativeTarget;
			buildConfigurationList = A0D6507620D8BC9C004454A1 /* Build configuration list for PBXNativeTarget "MyKVOImpUITests" */;
			buildPhases = (
				A0D6506320D8BC9C004454A1 /* Sources */,
				A0D6506420D8BC9C004454A1 /* Frameworks */,
				A0D6506520D8BC9C004454A1 /* Resources */,
			);
			buildRules = (
			);
			dependencies = (
				A0D6506920D8BC9C004454A1 /* PBXTargetDependency */,
			);
			name = MyKVOImpUITests;
			productName = MyKVOImpUITests;
			productReference = A0D6506720D8BC9C004454A1 /* MyKVOImpUITests.xctest */;
			productType = "com.apple.product-type.bundle.ui-testing";
		};
/* End PBXNativeTarget section */

/* Begin PBXProject section */
		A0D6503C20D8BC9B004454A1 /* Project object */ = {
			isa = PBXProject;
			attributes = {
				LastUpgradeCheck = 0900;
				ORGANIZATIONNAME = sve;
				TargetAttributes = {
					A0D6504320D8BC9B004454A1 = {
						CreatedOnToolsVersion = 9.0;
						ProvisioningStyle = Automatic;
					};
					A0D6505B20D8BC9C004454A1 = {
						CreatedOnToolsVersion = 9.0;
						ProvisioningStyle = Automatic;
						TestTargetID = A0D6504320D8BC9B004454A1;
					};
					A0D6506620D8BC9C004454A1 = {
						CreatedOnToolsVersion = 9.0;
						ProvisioningStyle = Automatic;
						TestTargetID = A0D6504320D8BC9B004454A1;
					};
				};
			};
			buildConfigurationList = A0D6503F20D8BC9B004454A1 /* Build configuration list for PBXProject "MyKVOImp" */;
			compatibilityVersion = "Xcode 8.0";
			developmentRegion = en;
			hasScannedForEncodings = 0;
			knownRegions = (
				en,
				Base,
			);
			mainGroup = A0D6503B20D8BC9B004454A1;
			productRefGroup = A0D6504520D8BC9C004454A1 /* Products */;
			projectDirPath = "";
			projectRoot = "";
			targets = (
				A0D6504320D8BC9B004454A1 /* MyKVOImp */,
				A0D6505B20D8BC9C004454A1 /* MyKVOImpTests */,
				A0D6506620D8BC9C004454A1 /* MyKVOImpUITests */,
			);
		};
/* End PBXProject section */

/* Begin PBXResourcesBuildPhase section */
		A0D6504220D8BC9B004454A1 /* Resources */ = {
			isa = PBXResourcesBuildPhase;
			buildActionMask = 2147483647;
			files = (
				A0D6505420D8BC9C004454A1 /* LaunchScreen.storyboard in Resources */,
				A0D6505120D8BC9C004454A1 /* Assets.xcassets in Resources */,
				A0D6504F20D8BC9C004454A1 /* Main.storyboard in Resources */,
			);
			runOnlyForDeploymentPostprocessing = 0;
		};
		A0D6505A20D8BC9C004454A1 /* Resources */ = {
			isa = PBXResourcesBuildPhase;
			buildActionMask = 2147483647;
			files = (
			);
			runOnlyForDeploymentPostprocessing = 0;
		};
		A0D6506520D8BC9C004454A1 /* Resources */ = {
			isa = PBXResourcesBuildPhase;
			buildActionMask = 2147483647;
			files = (
			);
			runOnlyForDeploymentPostprocessing = 0;
		};
/* End PBXResourcesBuildPhase section */

/* Begin PBXSourcesBuildPhase section */
		A0D6504020D8BC9B004454A1 /* Sources */ = {
			isa = PBXSourcesBuildPhase;
			buildActionMask = 2147483647;
			files = (
				A0D6504C20D8BC9C004454A1 /* ViewController.m in Sources */,
				A0D6505720D8BC9C004454A1 /* main.m in Sources */,
				A0D6507B20D8BEE2004454A1 /* Person.m in Sources */,
				A0D6504920D8BC9C004454A1 /* AppDelegate.m in Sources */,
			);
			runOnlyForDeploymentPostprocessing = 0;
		};
		A0D6505820D8BC9C004454A1 /* Sources */ = {
			isa = PBXSourcesBuildPhase;
			buildActionMask = 2147483647;
			files = (
				A0D6506120D8BC9C004454A1 /* MyKVOImpTests.m in Sources */,
			);
			runOnlyForDeploymentPostprocessing = 0;
		};
		A0D6506320D8BC9C004454A1 /* Sources */ = {
			isa = PBXSourcesBuildPhase;
			buildActionMask = 2147483647;
			files = (
				A0D6506C20D8BC9C004454A1 /* MyKVOImpUITests.m in Sources */,
			);
			runOnlyForDeploymentPostprocessing = 0;
		};
/* End PBXSourcesBuildPhase section */

/* Begin PBXTargetDependency section */
		A0D6505E20D8BC9C004454A1 /* PBXTargetDependency */ = {
			isa = PBXTargetDependency;
			target = A0D6504320D8BC9B004454A1 /* MyKVOImp */;
			targetProxy = A0D6505D20D8BC9C004454A1 /* PBXContainerItemProxy */;
		};
		A0D6506920D8BC9C004454A1 /* PBXTargetDependency */ = {
			isa = PBXTargetDependency;
			target = A0D6504320D8BC9B004454A1 /* MyKVOImp */;
			targetProxy = A0D6506820D8BC9C004454A1 /* PBXContainerItemProxy */;
		};
/* End PBXTargetDependency section */

/* Begin PBXVariantGroup section */
		A0D6504D20D8BC9C004454A1 /* Main.storyboard */ = {
			isa = PBXVariantGroup;
			children = (
				A0D6504E20D8BC9C004454A1 /* Base */,
			);
			name = Main.storyboard;
			sourceTree = "<group>";
		};
		A0D6505220D8BC9C004454A1 /* LaunchScreen.storyboard */ = {
			isa = PBXVariantGroup;
			children = (
				A0D6505320D8BC9C004454A1 /* Base */,
			);
			name = LaunchScreen.storyboard;
			sourceTree = "<group>";
		};
/* End PBXVariantGroup section */

/* Begin XCBuildConfiguration section */
		A0D6506E20D8BC9C004454A1 /* Debug */ = {
			isa = XCBuildConfiguration;
			buildSettings = {
				ALWAYS_SEARCH_USER_PATHS = NO;
				CLANG_ANALYZER_NONNULL = YES;
				CLANG_ANALYZER_NUMBER_OBJECT_CONVERSION = YES_AGGRESSIVE;
				CLANG_CXX_LANGUAGE_STANDARD = "gnu++14";
				CLANG_CXX_LIBRARY = "libc++";
				CLANG_ENABLE_MODULES = YES;
				CLANG_ENABLE_OBJC_ARC = YES;
				CLANG_WARN_BLOCK_CAPTURE_AUTORELEASING = YES;
				CLANG_WARN_BOOL_CONVERSION = YES;
				CLANG_WARN_COMMA = YES;
				CLANG_WARN_CONSTANT_CONVERSION = YES;
				CLANG_WARN_DIRECT_OBJC_ISA_USAGE = YES_ERROR;
				CLANG_WARN_DOCUMENTATION_COMMENTS = YES;
				CLANG_WARN_EMPTY_BODY = YES;
				CLANG_WARN_ENUM_CONVERSION = YES;
				CLANG_WARN_INFINITE_RECURSION = YES;
				CLANG_WARN_INT_CONVERSION = YES;
				CLANG_WARN_NON_LITERAL_NULL_CONVERSION = YES;
				CLANG_WARN_OBJC_LITERAL_CONVERSION = YES;
				CLANG_WARN_OBJC_ROOT_CLASS = YES_ERROR;
				CLANG_WARN_RANGE_LOOP_ANALYSIS = YES;
				CLANG_WARN_STRICT_PROTOTYPES = YES;
				CLANG_WARN_SUSPICIOUS_MOVE = YES;
				CLANG_WARN_UNGUARDED_AVAILABILITY = YES_AGGRESSIVE;
				CLANG_WARN_UNREACHABLE_CODE = YES;
				CLANG_WARN__DUPLICATE_METHOD_MATCH = YES;
				CODE_SIGN_IDENTITY = "iPhone Developer";
				COPY_PHASE_STRIP = NO;
				DEBUG_INFORMATION_FORMAT = dwarf;
				ENABLE_STRICT_OBJC_MSGSEND = YES;
				ENABLE_TESTABILITY = YES;
				GCC_C_LANGUAGE_STANDARD = gnu11;
				GCC_DYNAMIC_NO_PIC = NO;
				GCC_NO_COMMON_BLOCKS = YES;
				GCC_OPTIMIZATION_LEVEL = 0;
				GCC_PREPROCESSOR_DEFINITIONS = (
					"DEBUG=1",
					"$(inherited)",
				);
				GCC_WARN_64_TO_32_BIT_CONVERSION = YES;
				GCC_WARN_ABOUT_RETURN_TYPE = YES_ERROR;
				GCC_WARN_UNDECLARED_SELECTOR = YES;
				GCC_WARN_UNINITIALIZED_AUTOS = YES_AGGRESSIVE;
				GCC_WARN_UNUSED_FUNCTION = YES;
				GCC_WARN_UNUSED_VARIABLE = YES;
				IPHONEOS_DEPLOYMENT_TARGET = 11.0;
				MTL_ENABLE_DEBUG_INFO = YES;
				ONLY_ACTIVE_ARCH = YES;
				SDKROOT = iphoneos;
			};
			name = Debug;
		};
		A0D6506F20D8BC9C004454A1 /* Release */ = {
			isa = XCBuildConfiguration;
			buildSettings = {
				ALWAYS_SEARCH_USER_PATHS = NO;
				CLANG_ANALYZER_NONNULL = YES;
				CLANG_ANALYZER_NUMBER_OBJECT_CONVERSION = YES_AGGRESSIVE;
				CLANG_CXX_LANGUAGE_STANDARD = "gnu++14";
				CLANG_CXX_LIBRARY = "libc++";
				CLANG_ENABLE_MODULES = YES;
				CLANG_ENABLE_OBJC_ARC = YES;
				CLANG_WARN_BLOCK_CAPTURE_AUTORELEASING = YES;
				CLANG_WARN_BOOL_CONVERSION = YES;
				CLANG_WARN_COMMA = YES;
				CLANG_WARN_CONSTANT_CONVERSION = YES;
				CLANG_WARN_DIRECT_OBJC_ISA_USAGE = YES_ERROR;
				CLANG_WARN_DOCUMENTATION_COMMENTS = YES;
				CLANG_WARN_EMPTY_BODY = YES;
				CLANG_WARN_ENUM_CONVERSION = YES;
				CLANG_WARN_INFINITE_RECURSION = YES;
				CLANG_WARN_INT_CONVERSION = YES;
				CLANG_WARN_NON_LITERAL_NULL_CONVERSION = YES;
				CLANG_WARN_OBJC_LITERAL_CONVERSION = YES;
				CLANG_WARN_OBJC_ROOT_CLASS = YES_ERROR;
				CLANG_WARN_RANGE_LOOP_ANALYSIS = YES;
				CLANG_WARN_STRICT_PROTOTYPES = YES;
				CLANG_WARN_SUSPICIOUS_MOVE = YES;
				CLANG_WARN_UNGUARDED_AVAILABILITY = YES_AGGRESSIVE;
				CLANG_WARN_UNREACHABLE_CODE = YES;
				CLANG_WARN__DUPLICATE_METHOD_MATCH = YES;
				CODE_SIGN_IDENTITY = "iPhone Developer";
				COPY_PHASE_STRIP = NO;
				DEBUG_INFORMATION_FORMAT = "dwarf-with-dsym";
				ENABLE_NS_ASSERTIONS = NO;
				ENABLE_STRICT_OBJC_MSGSEND = YES;
				GCC_C_LANGUAGE_STANDARD = gnu11;
				GCC_NO_COMMON_BLOCKS = YES;
				GCC_WARN_64_TO_32_BIT_CONVERSION = YES;
				GCC_WARN_ABOUT_RETURN_TYPE = YES_ERROR;
				GCC_WARN_UNDECLARED_SELECTOR = YES;
				GCC_WARN_UNINITIALIZED_AUTOS = YES_AGGRESSIVE;
				GCC_WARN_UNUSED_FUNCTION = YES;
				GCC_WARN_UNUSED_VARIABLE = YES;
				IPHONEOS_DEPLOYMENT_TARGET = 11.0;
				MTL_ENABLE_DEBUG_INFO = NO;
				SDKROOT = iphoneos;
				VALIDATE_PRODUCT = YES;
			};
			name = Release;
		};
		A0D6507120D8BC9C004454A1 /* Debug */ = {
			isa = XCBuildConfiguration;
			buildSettings = {
				ASSETCATALOG_COMPILER_APPICON_NAME = AppIcon;
				CODE_SIGN_STYLE = Automatic;
				DEVELOPMENT_TEAM = 6TM5WT3Y8T;
				INFOPLIST_FILE = MyKVOImp/Info.plist;
				LD_RUNPATH_SEARCH_PATHS = "$(inherited) @executable_path/Frameworks";
				PRODUCT_BUNDLE_IDENTIFIER = songximing.MyKVOImp;
				PRODUCT_NAME = "$(TARGET_NAME)";
				TARGETED_DEVICE_FAMILY = "1,2";
			};
			name = Debug;
		};
		A0D6507220D8BC9C004454A1 /* Release */ = {
			isa = XCBuildConfiguration;
			buildSettings = {
				ASSETCATALOG_COMPILER_APPICON_NAME = AppIcon;
				CODE_SIGN_STYLE = Automatic;
				DEVELOPMENT_TEAM = 6TM5WT3Y8T;
				INFOPLIST_FILE = MyKVOImp/Info.plist;
				LD_RUNPATH_SEARCH_PATHS = "$(inherited) @executable_path/Frameworks";
				PRODUCT_BUNDLE_IDENTIFIER = songximing.MyKVOImp;
				PRODUCT_NAME = "$(TARGET_NAME)";
				TARGETED_DEVICE_FAMILY = "1,2";
			};
			name = Release;
		};
		A0D6507420D8BC9C004454A1 /* Debug */ = {
			isa = XCBuildConfiguration;
			buildSettings = {
				BUNDLE_LOADER = "$(TEST_HOST)";
				CODE_SIGN_STYLE = Automatic;
				INFOPLIST_FILE = MyKVOImpTests/Info.plist;
				LD_RUNPATH_SEARCH_PATHS = "$(inherited) @executable_path/Frameworks @loader_path/Frameworks";
				PRODUCT_BUNDLE_IDENTIFIER = songximing.MyKVOImpTests;
				PRODUCT_NAME = "$(TARGET_NAME)";
				TARGETED_DEVICE_FAMILY = "1,2";
				TEST_HOST = "$(BUILT_PRODUCTS_DIR)/MyKVOImp.app/MyKVOImp";
			};
			name = Debug;
		};
		A0D6507520D8BC9C004454A1 /* Release */ = {
			isa = XCBuildConfiguration;
			buildSettings = {
				BUNDLE_LOADER = "$(TEST_HOST)";
				CODE_SIGN_STYLE = Automatic;
				INFOPLIST_FILE = MyKVOImpTests/Info.plist;
				LD_RUNPATH_SEARCH_PATHS = "$(inherited) @executable_path/Frameworks @loader_path/Frameworks";
				PRODUCT_BUNDLE_IDENTIFIER = songximing.MyKVOImpTests;
				PRODUCT_NAME = "$(TARGET_NAME)";
				TARGETED_DEVICE_FAMILY = "1,2";
				TEST_HOST = "$(BUILT_PRODUCTS_DIR)/MyKVOImp.app/MyKVOImp";
			};
			name = Release;
		};
		A0D6507720D8BC9C004454A1 /* Debug */ = {
			isa = XCBuildConfiguration;
			buildSettings = {
				CODE_SIGN_STYLE = Automatic;
				INFOPLIST_FILE = MyKVOImpUITests/Info.plist;
				LD_RUNPATH_SEARCH_PATHS = "$(inherited) @executable_path/Frameworks @loader_path/Frameworks";
				PRODUCT_BUNDLE_IDENTIFIER = songximing.MyKVOImpUITests;
				PRODUCT_NAME = "$(TARGET_NAME)";
				TARGETED_DEVICE_FAMILY = "1,2";
				TEST_TARGET_NAME = MyKVOImp;
			};
			name = Debug;
		};
		A0D6507820D8BC9C004454A1 /* Release */ = {
			isa = XCBuildConfiguration;
			buildSettings = {
				CODE_SIGN_STYLE = Automatic;
				INFOPLIST_FILE = MyKVOImpUITests/Info.plist;
				LD_RUNPATH_SEARCH_PATHS = "$(inherited) @executable_path/Frameworks @loader_path/Frameworks";
				PRODUCT_BUNDLE_IDENTIFIER = songximing.MyKVOImpUITests;
				PRODUCT_NAME = "$(TARGET_NAME)";
				TARGETED_DEVICE_FAMILY = "1,2";
				TEST_TARGET_NAME = MyKVOImp;
			};
			name = Release;
		};
/* End XCBuildConfiguration section */

/* Begin XCConfigurationList section */
		A0D6503F20D8BC9B004454A1 /* Build configuration list for PBXProject "MyKVOImp" */ = {
			isa = XCConfigurationList;
			buildConfigurations = (
				A0D6506E20D8BC9C004454A1 /* Debug */,
				A0D6506F20D8BC9C004454A1 /* Release */,
			);
			defaultConfigurationIsVisible = 0;
			defaultConfigurationName = Release;
		};
		A0D6507020D8BC9C004454A1 /* Build configuration list for PBXNativeTarget "MyKVOImp" */ = {
			isa = XCConfigurationList;
			buildConfigurations = (
				A0D6507120D8BC9C004454A1 /* Debug */,
				A0D6507220D8BC9C004454A1 /* Release */,
			);
			defaultConfigurationIsVisible = 0;
			defaultConfigurationName = Release;
		};
		A0D6507320D8BC9C004454A1 /* Build configuration list for PBXNativeTarget "MyKVOImpTests" */ = {
			isa = XCConfigurationList;
			buildConfigurations = (
				A0D6507420D8BC9C004454A1 /* Debug */,
				A0D6507520D8BC9C004454A1 /* Release */,
			);
			defaultConfigurationIsVisible = 0;
			defaultConfigurationName = Release;
		};
		A0D6507620D8BC9C004454A1 /* Build configuration list for PBXNativeTarget "MyKVOImpUITests" */ = {
			isa = XCConfigurationList;
			buildConfigurations = (
				A0D6507720D8BC9C004454A1 /* Debug */,
				A0D6507820D8BC9C004454A1 /* Release */,
			);
			defaultConfigurationIsVisible = 0;
			defaultConfigurationName = Release;
		};
/* End XCConfigurationList section */
	};
	rootObject = A0D6503C20D8BC9B004454A1 /* Project object */;
}
